// !$*UTF8*$!
{
	archiveVersion = 1;
	classes = {
	};
	objectVersion = 56;
	objects = {

/* Begin PBXBuildFile section */
		5DB72D3C29AB4E2700774BB8 /* AppDelegate.m in Sources */ = {isa = PBXBuildFile; fileRef = 5DB72D3B29AB4E2700774BB8 /* AppDelegate.m */; };
		5DB72D3F29AB4E2700774BB8 /* SceneDelegate.m in Sources */ = {isa = PBXBuildFile; fileRef = 5DB72D3E29AB4E2700774BB8 /* SceneDelegate.m */; };
		5DB72D4229AB4E2700774BB8 /* ViewController.m in Sources */ = {isa = PBXBuildFile; fileRef = 5DB72D4129AB4E2700774BB8 /* ViewController.m */; };
		5DB72D4529AB4E2700774BB8 /* Main.storyboard in Resources */ = {isa = PBXBuildFile; fileRef = 5DB72D4329AB4E2700774BB8 /* Main.storyboard */; };
		5DB72D4729AB4E2900774BB8 /* Assets.xcassets in Resources */ = {isa = PBXBuildFile; fileRef = 5DB72D4629AB4E2900774BB8 /* Assets.xcassets */; };
		5DB72D4A29AB4E2900774BB8 /* LaunchScreen.storyboard in Resources */ = {isa = PBXBuildFile; fileRef = 5DB72D4829AB4E2900774BB8 /* LaunchScreen.storyboard */; };
		5DB72D4D29AB4E2900774BB8 /* main.m in Sources */ = {isa = PBXBuildFile; fileRef = 5DB72D4C29AB4E2900774BB8 /* main.m */; };
		5DB72D5729AB4E2A00774BB8 /* CopyPropertyTests.m in Sources */ = {isa = PBXBuildFile; fileRef = 5DB72D5629AB4E2A00774BB8 /* CopyPropertyTests.m */; };
		5DB72D6129AB4E2A00774BB8 /* CopyPropertyUITests.m in Sources */ = {isa = PBXBuildFile; fileRef = 5DB72D6029AB4E2A00774BB8 /* CopyPropertyUITests.m */; };
		5DB72D6329AB4E2A00774BB8 /* CopyPropertyUITestsLaunchTests.m in Sources */ = {isa = PBXBuildFile; fileRef = 5DB72D6229AB4E2A00774BB8 /* CopyPropertyUITestsLaunchTests.m */; };
/* End PBXBuildFile section */

/* Begin PBXContainerItemProxy section */
		5DB72D5329AB4E2A00774BB8 /* PBXContainerItemProxy */ = {
			isa = PBXContainerItemProxy;
			containerPortal = 5DB72D2F29AB4E2700774BB8 /* Project object */;
			proxyType = 1;
			remoteGlobalIDString = 5DB72D3629AB4E2700774BB8;
			remoteInfo = CopyProperty;
		};
		5DB72D5D29AB4E2A00774BB8 /* PBXContainerItemProxy */ = {
			isa = PBXContainerItemProxy;
			containerPortal = 5DB72D2F29AB4E2700774BB8 /* Project object */;
			proxyType = 1;
			remoteGlobalIDString = 5DB72D3629AB4E2700774BB8;
			remoteInfo = CopyProperty;
		};
/* End PBXContainerItemProxy section */

/* Begin PBXFileReference section */
		5DB72D3729AB4E2700774BB8 /* CopyProperty.app */ = {isa = PBXFileReference; explicitFileType = wrapper.application; includeInIndex = 0; path = CopyProperty.app; sourceTree = BUILT_PRODUCTS_DIR; };
		5DB72D3A29AB4E2700774BB8 /* AppDelegate.h */ = {isa = PBXFileReference; lastKnownFileType = sourcecode.c.h; path = AppDelegate.h; sourceTree = "<group>"; };
		5DB72D3B29AB4E2700774BB8 /* AppDelegate.m */ = {isa = PBXFileReference; lastKnownFileType = sourcecode.c.objc; path = AppDelegate.m; sourceTree = "<group>"; };
		5DB72D3D29AB4E2700774BB8 /* SceneDelegate.h */ = {isa = PBXFileReference; lastKnownFileType = sourcecode.c.h; path = SceneDelegate.h; sourceTree = "<group>"; };
		5DB72D3E29AB4E2700774BB8 /* SceneDelegate.m */ = {isa = PBXFileReference; lastKnownFileType = sourcecode.c.objc; path = SceneDelegate.m; sourceTree = "<group>"; };
		5DB72D4029AB4E2700774BB8 /* ViewController.h */ = {isa = PBXFileReference; lastKnownFileType = sourcecode.c.h; path = ViewController.h; sourceTree = "<group>"; };
		5DB72D4129AB4E2700774BB8 /* ViewController.m */ = {isa = PBXFileReference; lastKnownFileType = sourcecode.c.objc; path = ViewController.m; sourceTree = "<group>"; };
		5DB72D4429AB4E2700774BB8 /* Base */ = {isa = PBXFileReference; lastKnownFileType = file.storyboard; name = Base; path = Base.lproj/Main.storyboard; sourceTree = "<group>"; };
		5DB72D4629AB4E2900774BB8 /* Assets.xcassets */ = {isa = PBXFileReference; lastKnownFileType = folder.assetcatalog; path = Assets.xcassets; sourceTree = "<group>"; };
		5DB72D4929AB4E2900774BB8 /* Base */ = {isa = PBXFileReference; lastKnownFileType = file.storyboard; name = Base; path = Base.lproj/LaunchScreen.storyboard; sourceTree = "<group>"; };
		5DB72D4B29AB4E2900774BB8 /* Info.plist */ = {isa = PBXFileReference; lastKnownFileType = text.plist.xml; path = Info.plist; sourceTree = "<group>"; };
		5DB72D4C29AB4E2900774BB8 /* main.m */ = {isa = PBXFileReference; lastKnownFileType = sourcecode.c.objc; path = main.m; sourceTree = "<group>"; };
		5DB72D5229AB4E2A00774BB8 /* CopyPropertyTests.xctest */ = {isa = PBXFileReference; explicitFileType = wrapper.cfbundle; includeInIndex = 0; path = CopyPropertyTests.xctest; sourceTree = BUILT_PRODUCTS_DIR; };
		5DB72D5629AB4E2A00774BB8 /* CopyPropertyTests.m */ = {isa = PBXFileReference; lastKnownFileType = sourcecode.c.objc; path = CopyPropertyTests.m; sourceTree = "<group>"; };
		5DB72D5C29AB4E2A00774BB8 /* CopyPropertyUITests.xctest */ = {isa = PBXFileReference; explicitFileType = wrapper.cfbundle; includeInIndex = 0; path = CopyPropertyUITests.xctest; sourceTree = BUILT_PRODUCTS_DIR; };
		5DB72D6029AB4E2A00774BB8 /* CopyPropertyUITests.m */ = {isa = PBXFileReference; lastKnownFileType = sourcecode.c.objc; path = CopyPropertyUITests.m; sourceTree = "<group>"; };
		5DB72D6229AB4E2A00774BB8 /* CopyPropertyUITestsLaunchTests.m */ = {isa = PBXFileReference; lastKnownFileType = sourcecode.c.objc; path = CopyPropertyUITestsLaunchTests.m; sourceTree = "<group>"; };
/* End PBXFileReference section */

/* Begin PBXFrameworksBuildPhase section */
		5DB72D3429AB4E2700774BB8 /* Frameworks */ = {
			isa = PBXFrameworksBuildPhase;
			buildActionMask = 2147483647;
			files = (
			);
			runOnlyForDeploymentPostprocessing = 0;
		};
		5DB72D4F29AB4E2A00774BB8 /* Frameworks */ = {
			isa = PBXFrameworksBuildPhase;
			buildActionMask = 2147483647;
			files = (
			);
			runOnlyForDeploymentPostprocessing = 0;
		};
		5DB72D5929AB4E2A00774BB8 /* Frameworks */ = {
			isa = PBXFrameworksBuildPhase;
			buildActionMask = 2147483647;
			files = (
			);
			runOnlyForDeploymentPostprocessing = 0;
		};
/* End PBXFrameworksBuildPhase section */

/* Begin PBXGroup section */
		5DB72D2E29AB4E2700774BB8 = {
			isa = PBXGroup;
			children = (
				5DB72D3929AB4E2700774BB8 /* CopyProperty */,
				5DB72D5529AB4E2A00774BB8 /* CopyPropertyTests */,
				5DB72D5F29AB4E2A00774BB8 /* CopyPropertyUITests */,
				5DB72D3829AB4E2700774BB8 /* Products */,
			);
			sourceTree = "<group>";
		};
		5DB72D3829AB4E2700774BB8 /* Products */ = {
			isa = PBXGroup;
			children = (
				5DB72D3729AB4E2700774BB8 /* CopyProperty.app */,
				5DB72D5229AB4E2A00774BB8 /* CopyPropertyTests.xctest */,
				5DB72D5C29AB4E2A00774BB8 /* CopyPropertyUITests.xctest */,
			);
			name = Products;
			sourceTree = "<group>";
		};
		5DB72D3929AB4E2700774BB8 /* CopyProperty */ = {
			isa = PBXGroup;
			children = (
				5DB72D3A29AB4E2700774BB8 /* AppDelegate.h */,
				5DB72D3B29AB4E2700774BB8 /* AppDelegate.m */,
				5DB72D3D29AB4E2700774BB8 /* SceneDelegate.h */,
				5DB72D3E29AB4E2700774BB8 /* SceneDelegate.m */,
				5DB72D4029AB4E2700774BB8 /* ViewController.h */,
				5DB72D4129AB4E2700774BB8 /* ViewController.m */,
				5DB72D4329AB4E2700774BB8 /* Main.storyboard */,
				5DB72D4629AB4E2900774BB8 /* Assets.xcassets */,
				5DB72D4829AB4E2900774BB8 /* LaunchScreen.storyboard */,
				5DB72D4B29AB4E2900774BB8 /* Info.plist */,
				5DB72D4C29AB4E2900774BB8 /* main.m */,
			);
			path = CopyProperty;
			sourceTree = "<group>";
		};
		5DB72D5529AB4E2A00774BB8 /* CopyPropertyTests */ = {
			isa = PBXGroup;
			children = (
				5DB72D5629AB4E2A00774BB8 /* CopyPropertyTests.m */,
			);
			path = CopyPropertyTests;
			sourceTree = "<group>";
		};
		5DB72D5F29AB4E2A00774BB8 /* CopyPropertyUITests */ = {
			isa = PBXGroup;
			children = (
				5DB72D6029AB4E2A00774BB8 /* CopyPropertyUITests.m */,
				5DB72D6229AB4E2A00774BB8 /* CopyPropertyUITestsLaunchTests.m */,
			);
			path = CopyPropertyUITests;
			sourceTree = "<group>";
		};
/* End PBXGroup section */

/* Begin PBXNativeTarget section */
		5DB72D3629AB4E2700774BB8 /* CopyProperty */ = {
			isa = PBXNativeTarget;
			buildConfigurationList = 5DB72D6629AB4E2A00774BB8 /* Build configuration list for PBXNativeTarget "CopyProperty" */;
			buildPhases = (
				5DB72D3329AB4E2700774BB8 /* Sources */,
				5DB72D3429AB4E2700774BB8 /* Frameworks */,
				5DB72D3529AB4E2700774BB8 /* Resources */,
			);
			buildRules = (
			);
			dependencies = (
			);
			name = CopyProperty;
			productName = CopyProperty;
			productReference = 5DB72D3729AB4E2700774BB8 /* CopyProperty.app */;
			productType = "com.apple.product-type.application";
		};
		5DB72D5129AB4E2A00774BB8 /* CopyPropertyTests */ = {
			isa = PBXNativeTarget;
			buildConfigurationList = 5DB72D6929AB4E2A00774BB8 /* Build configuration list for PBXNativeTarget "CopyPropertyTests" */;
			buildPhases = (
				5DB72D4E29AB4E2A00774BB8 /* Sources */,
				5DB72D4F29AB4E2A00774BB8 /* Frameworks */,
				5DB72D5029AB4E2A00774BB8 /* Resources */,
			);
			buildRules = (
			);
			dependencies = (
				5DB72D5429AB4E2A00774BB8 /* PBXTargetDependency */,
			);
			name = CopyPropertyTests;
			productName = CopyPropertyTests;
			productReference = 5DB72D5229AB4E2A00774BB8 /* CopyPropertyTests.xctest */;
			productType = "com.apple.product-type.bundle.unit-test";
		};
		5DB72D5B29AB4E2A00774BB8 /* CopyPropertyUITests */ = {
			isa = PBXNativeTarget;
			buildConfigurationList = 5DB72D6C29AB4E2A00774BB8 /* Build configuration list for PBXNativeTarget "CopyPropertyUITests" */;
			buildPhases = (
				5DB72D5829AB4E2A00774BB8 /* Sources */,
				5DB72D5929AB4E2A00774BB8 /* Frameworks */,
				5DB72D5A29AB4E2A00774BB8 /* Resources */,
			);
			buildRules = (
			);
			dependencies = (
				5DB72D5E29AB4E2A00774BB8 /* PBXTargetDependency */,
			);
			name = CopyPropertyUITests;
			productName = CopyPropertyUITests;
			productReference = 5DB72D5C29AB4E2A00774BB8 /* CopyPropertyUITests.xctest */;
			productType = "com.apple.product-type.bundle.ui-testing";
		};
/* End PBXNativeTarget section */

/* Begin PBXProject section */
		5DB72D2F29AB4E2700774BB8 /* Project object */ = {
			isa = PBXProject;
			attributes = {
				BuildIndependentTargetsInParallel = 1;
				LastUpgradeCheck = 1410;
				TargetAttributes = {
					5DB72D3629AB4E2700774BB8 = {
						CreatedOnToolsVersion = 14.1;
					};
					5DB72D5129AB4E2A00774BB8 = {
						CreatedOnToolsVersion = 14.1;
						TestTargetID = 5DB72D3629AB4E2700774BB8;
					};
					5DB72D5B29AB4E2A00774BB8 = {
						CreatedOnToolsVersion = 14.1;
						TestTargetID = 5DB72D3629AB4E2700774BB8;
					};
				};
			};
			buildConfigurationList = 5DB72D3229AB4E2700774BB8 /* Build configuration list for PBXProject "CopyProperty" */;
			compatibilityVersion = "Xcode 14.0";
			developmentRegion = en;
			hasScannedForEncodings = 0;
			knownRegions = (
				en,
				Base,
			);
			mainGroup = 5DB72D2E29AB4E2700774BB8;
			productRefGroup = 5DB72D3829AB4E2700774BB8 /* Products */;
			projectDirPath = "";
			projectRoot = "";
			targets = (
				5DB72D3629AB4E2700774BB8 /* CopyProperty */,
				5DB72D5129AB4E2A00774BB8 /* CopyPropertyTests */,
				5DB72D5B29AB4E2A00774BB8 /* CopyPropertyUITests */,
			);
		};
/* End PBXProject section */

/* Begin PBXResourcesBuildPhase section */
		5DB72D3529AB4E2700774BB8 /* Resources */ = {
			isa = PBXResourcesBuildPhase;
			buildActionMask = 2147483647;
			files = (
				5DB72D4A29AB4E2900774BB8 /* LaunchScreen.storyboard in Resources */,
				5DB72D4729AB4E2900774BB8 /* Assets.xcassets in Resources */,
				5DB72D4529AB4E2700774BB8 /* Main.storyboard in Resources */,
			);
			runOnlyForDeploymentPostprocessing = 0;
		};
		5DB72D5029AB4E2A00774BB8 /* Resources */ = {
			isa = PBXResourcesBuildPhase;
			buildActionMask = 2147483647;
			files = (
			);
			runOnlyForDeploymentPostprocessing = 0;
		};
		5DB72D5A29AB4E2A00774BB8 /* Resources */ = {
			isa = PBXResourcesBuildPhase;
			buildActionMask = 2147483647;
			files = (
			);
			runOnlyForDeploymentPostprocessing = 0;
		};
/* End PBXResourcesBuildPhase section */

/* Begin PBXSourcesBuildPhase section */
		5DB72D3329AB4E2700774BB8 /* Sources */ = {
			isa = PBXSourcesBuildPhase;
			buildActionMask = 2147483647;
			files = (
				5DB72D4229AB4E2700774BB8 /* ViewController.m in Sources */,
				5DB72D3C29AB4E2700774BB8 /* AppDelegate.m in Sources */,
				5DB72D4D29AB4E2900774BB8 /* main.m in Sources */,
				5DB72D3F29AB4E2700774BB8 /* SceneDelegate.m in Sources */,
			);
			runOnlyForDeploymentPostprocessing = 0;
		};
		5DB72D4E29AB4E2A00774BB8 /* Sources */ = {
			isa = PBXSourcesBuildPhase;
			buildActionMask = 2147483647;
			files = (
				5DB72D5729AB4E2A00774BB8 /* CopyPropertyTests.m in Sources */,
			);
			runOnlyForDeploymentPostprocessing = 0;
		};
		5DB72D5829AB4E2A00774BB8 /* Sources */ = {
			isa = PBXSourcesBuildPhase;
			buildActionMask = 2147483647;
			files = (
				5DB72D6329AB4E2A00774BB8 /* CopyPropertyUITestsLaunchTests.m in Sources */,
				5DB72D6129AB4E2A00774BB8 /* CopyPropertyUITests.m in Sources */,
			);
			runOnlyForDeploymentPostprocessing = 0;
		};
/* End PBXSourcesBuildPhase section */

/* Begin PBXTargetDependency section */
		5DB72D5429AB4E2A00774BB8 /* PBXTargetDependency */ = {
			isa = PBXTargetDependency;
			target = 5DB72D3629AB4E2700774BB8 /* CopyProperty */;
			targetProxy = 5DB72D5329AB4E2A00774BB8 /* PBXContainerItemProxy */;
		};
		5DB72D5E29AB4E2A00774BB8 /* PBXTargetDependency */ = {
			isa = PBXTargetDependency;
			target = 5DB72D3629AB4E2700774BB8 /* CopyProperty */;
			targetProxy = 5DB72D5D29AB4E2A00774BB8 /* PBXContainerItemProxy */;
		};
/* End PBXTargetDependency section */

/* Begin PBXVariantGroup section */
		5DB72D4329AB4E2700774BB8 /* Main.storyboard */ = {
			isa = PBXVariantGroup;
			children = (
				5DB72D4429AB4E2700774BB8 /* Base */,
			);
			name = Main.storyboard;
			sourceTree = "<group>";
		};
		5DB72D4829AB4E2900774BB8 /* LaunchScreen.storyboard */ = {
			isa = PBXVariantGroup;
			children = (
				5DB72D4929AB4E2900774BB8 /* Base */,
			);
			name = LaunchScreen.storyboard;
			sourceTree = "<group>";
		};
/* End PBXVariantGroup section */

/* Begin XCBuildConfiguration section */
		5DB72D6429AB4E2A00774BB8 /* Debug */ = {
			isa = XCBuildConfiguration;
			buildSettings = {
				ALWAYS_SEARCH_USER_PATHS = NO;
				CLANG_ANALYZER_NONNULL = YES;
				CLANG_ANALYZER_NUMBER_OBJECT_CONVERSION = YES_AGGRESSIVE;
				CLANG_CXX_LANGUAGE_STANDARD = "gnu++20";
				CLANG_ENABLE_MODULES = YES;
				CLANG_ENABLE_OBJC_ARC = YES;
				CLANG_ENABLE_OBJC_WEAK = YES;
				CLANG_WARN_BLOCK_CAPTURE_AUTORELEASING = YES;
				CLANG_WARN_BOOL_CONVERSION = YES;
				CLANG_WARN_COMMA = YES;
				CLANG_WARN_CONSTANT_CONVERSION = YES;
				CLANG_WARN_DEPRECATED_OBJC_IMPLEMENTATIONS = YES;
				CLANG_WARN_DIRECT_OBJC_ISA_USAGE = YES_ERROR;
				CLANG_WARN_DOCUMENTATION_COMMENTS = YES;
				CLANG_WARN_EMPTY_BODY = YES;
				CLANG_WARN_ENUM_CONVERSION = YES;
				CLANG_WARN_INFINITE_RECURSION = YES;
				CLANG_WARN_INT_CONVERSION = YES;
				CLANG_WARN_NON_LITERAL_NULL_CONVERSION = YES;
				CLANG_WARN_OBJC_IMPLICIT_RETAIN_SELF = YES;
				CLANG_WARN_OBJC_LITERAL_CONVERSION = YES;
				CLANG_WARN_OBJC_ROOT_CLASS = YES_ERROR;
				CLANG_WARN_QUOTED_INCLUDE_IN_FRAMEWORK_HEADER = YES;
				CLANG_WARN_RANGE_LOOP_ANALYSIS = YES;
				CLANG_WARN_STRICT_PROTOTYPES = YES;
				CLANG_WARN_SUSPICIOUS_MOVE = YES;
				CLANG_WARN_UNGUARDED_AVAILABILITY = YES_AGGRESSIVE;
				CLANG_WARN_UNREACHABLE_CODE = YES;
				CLANG_WARN__DUPLICATE_METHOD_MATCH = YES;
				COPY_PHASE_STRIP = NO;
				DEBUG_INFORMATION_FORMAT = dwarf;
				ENABLE_STRICT_OBJC_MSGSEND = YES;
				ENABLE_TESTABILITY = YES;
				GCC_C_LANGUAGE_STANDARD = gnu11;
				GCC_DYNAMIC_NO_PIC = NO;
				GCC_NO_COMMON_BLOCKS = YES;
				GCC_OPTIMIZATION_LEVEL = 0;
				GCC_PREPROCESSOR_DEFINITIONS = (
					"DEBUG=1",
					"$(inherited)",
				);
				GCC_WARN_64_TO_32_BIT_CONVERSION = YES;
				GCC_WARN_ABOUT_RETURN_TYPE = YES_ERROR;
				GCC_WARN_UNDECLARED_SELECTOR = YES;
				GCC_WARN_UNINITIALIZED_AUTOS = YES_AGGRESSIVE;
				GCC_WARN_UNUSED_FUNCTION = YES;
				GCC_WARN_UNUSED_VARIABLE = YES;
				IPHONEOS_DEPLOYMENT_TARGET = 16.1;
				MTL_ENABLE_DEBUG_INFO = INCLUDE_SOURCE;
				MTL_FAST_MATH = YES;
				ONLY_ACTIVE_ARCH = YES;
				SDKROOT = iphoneos;
			};
			name = Debug;
		};
		5DB72D6529AB4E2A00774BB8 /* Release */ = {
			isa = XCBuildConfiguration;
			buildSettings = {
				ALWAYS_SEARCH_USER_PATHS = NO;
				CLANG_ANALYZER_NONNULL = YES;
				CLANG_ANALYZER_NUMBER_OBJECT_CONVERSION = YES_AGGRESSIVE;
				CLANG_CXX_LANGUAGE_STANDARD = "gnu++20";
				CLANG_ENABLE_MODULES = YES;
				CLANG_ENABLE_OBJC_ARC = YES;
				CLANG_ENABLE_OBJC_WEAK = YES;
				CLANG_WARN_BLOCK_CAPTURE_AUTORELEASING = YES;
				CLANG_WARN_BOOL_CONVERSION = YES;
				CLANG_WARN_COMMA = YES;
				CLANG_WARN_CONSTANT_CONVERSION = YES;
				CLANG_WARN_DEPRECATED_OBJC_IMPLEMENTATIONS = YES;
				CLANG_WARN_DIRECT_OBJC_ISA_USAGE = YES_ERROR;
				CLANG_WARN_DOCUMENTATION_COMMENTS = YES;
				CLANG_WARN_EMPTY_BODY = YES;
				CLANG_WARN_ENUM_CONVERSION = YES;
				CLANG_WARN_INFINITE_RECURSION = YES;
				CLANG_WARN_INT_CONVERSION = YES;
				CLANG_WARN_NON_LITERAL_NULL_CONVERSION = YES;
				CLANG_WARN_OBJC_IMPLICIT_RETAIN_SELF = YES;
				CLANG_WARN_OBJC_LITERAL_CONVERSION = YES;
				CLANG_WARN_OBJC_ROOT_CLASS = YES_ERROR;
				CLANG_WARN_QUOTED_INCLUDE_IN_FRAMEWORK_HEADER = YES;
				CLANG_WARN_RANGE_LOOP_ANALYSIS = YES;
				CLANG_WARN_STRICT_PROTOTYPES = YES;
				CLANG_WARN_SUSPICIOUS_MOVE = YES;
				CLANG_WARN_UNGUARDED_AVAILABILITY = YES_AGGRESSIVE;
				CLANG_WARN_UNREACHABLE_CODE = YES;
				CLANG_WARN__DUPLICATE_METHOD_MATCH = YES;
				COPY_PHASE_STRIP = NO;
				DEBUG_INFORMATION_FORMAT = "dwarf-with-dsym";
				ENABLE_NS_ASSERTIONS = NO;
				ENABLE_STRICT_OBJC_MSGSEND = YES;
				GCC_C_LANGUAGE_STANDARD = gnu11;
				GCC_NO_COMMON_BLOCKS = YES;
				GCC_WARN_64_TO_32_BIT_CONVERSION = YES;
				GCC_WARN_ABOUT_RETURN_TYPE = YES_ERROR;
				GCC_WARN_UNDECLARED_SELECTOR = YES;
				GCC_WARN_UNINITIALIZED_AUTOS = YES_AGGRESSIVE;
				GCC_WARN_UNUSED_FUNCTION = YES;
				GCC_WARN_UNUSED_VARIABLE = YES;
				IPHONEOS_DEPLOYMENT_TARGET = 16.1;
				MTL_ENABLE_DEBUG_INFO = NO;
				MTL_FAST_MATH = YES;
				SDKROOT = iphoneos;
				VALIDATE_PRODUCT = YES;
			};
			name = Release;
		};
		5DB72D6729AB4E2A00774BB8 /* Debug */ = {
			isa = XCBuildConfiguration;
			buildSettings = {
				ASSETCATALOG_COMPILER_APPICON_NAME = AppIcon;
				ASSETCATALOG_COMPILER_GLOBAL_ACCENT_COLOR_NAME = AccentColor;
				CODE_SIGN_STYLE = Automatic;
				CURRENT_PROJECT_VERSION = 1;
				DEVELOPMENT_TEAM = R3Y8QUK57B;
				GENERATE_INFOPLIST_FILE = YES;
				INFOPLIST_FILE = CopyProperty/Info.plist;
				INFOPLIST_KEY_UIApplicationSupportsIndirectInputEvents = YES;
				INFOPLIST_KEY_UILaunchStoryboardName = LaunchScreen;
				INFOPLIST_KEY_UIMainStoryboardFile = Main;
				INFOPLIST_KEY_UISupportedInterfaceOrientations_iPad = "UIInterfaceOrientationPortrait UIInterfaceOrientationPortraitUpsideDown UIInterfaceOrientationLandscapeLeft UIInterfaceOrientationLandscapeRight";
				INFOPLIST_KEY_UISupportedInterfaceOrientations_iPhone = "UIInterfaceOrientationPortrait UIInterfaceOrientationLandscapeLeft UIInterfaceOrientationLandscapeRight";
				LD_RUNPATH_SEARCH_PATHS = (
					"$(inherited)",
					"@executable_path/Frameworks",
				);
				MARKETING_VERSION = 1.0;
				PRODUCT_BUNDLE_IDENTIFIER = com.shadow.CopyProperty;
				PRODUCT_NAME = "$(TARGET_NAME)";
				SWIFT_EMIT_LOC_STRINGS = YES;
				TARGETED_DEVICE_FAMILY = "1,2";
			};
			name = Debug;
		};
		5DB72D6829AB4E2A00774BB8 /* Release */ = {
			isa = XCBuildConfiguration;
			buildSettings = {
				ASSETCATALOG_COMPILER_APPICON_NAME = AppIcon;
				ASSETCATALOG_COMPILER_GLOBAL_ACCENT_COLOR_NAME = AccentColor;
				CODE_SIGN_STYLE = Automatic;
				CURRENT_PROJECT_VERSION = 1;
				DEVELOPMENT_TEAM = R3Y8QUK57B;
				GENERATE_INFOPLIST_FILE = YES;
				INFOPLIST_FILE = CopyProperty/Info.plist;
				INFOPLIST_KEY_UIApplicationSupportsIndirectInputEvents = YES;
				INFOPLIST_KEY_UILaunchStoryboardName = LaunchScreen;
				INFOPLIST_KEY_UIMainStoryboardFile = Main;
				INFOPLIST_KEY_UISupportedInterfaceOrientations_iPad = "UIInterfaceOrientationPortrait UIInterfaceOrientationPortraitUpsideDown UIInterfaceOrientationLandscapeLeft UIInterfaceOrientationLandscapeRight";
				INFOPLIST_KEY_UISupportedInterfaceOrientations_iPhone = "UIInterfaceOrientationPortrait UIInterfaceOrientationLandscapeLeft UIInterfaceOrientationLandscapeRight";
				LD_RUNPATH_SEARCH_PATHS = (
					"$(inherited)",
					"@executable_path/Frameworks",
				);
				MARKETING_VERSION = 1.0;
				PRODUCT_BUNDLE_IDENTIFIER = com.shadow.CopyProperty;
				PRODUCT_NAME = "$(TARGET_NAME)";
				SWIFT_EMIT_LOC_STRINGS = YES;
				TARGETED_DEVICE_FAMILY = "1,2";
			};
			name = Release;
		};
		5DB72D6A29AB4E2A00774BB8 /* Debug */ = {
			isa = XCBuildConfiguration;
			buildSettings = {
				BUNDLE_LOADER = "$(TEST_HOST)";
				CODE_SIGN_STYLE = Automatic;
				CURRENT_PROJECT_VERSION = 1;
				DEVELOPMENT_TEAM = R3Y8QUK57B;
				GENERATE_INFOPLIST_FILE = YES;
				IPHONEOS_DEPLOYMENT_TARGET = 16.1;
				MARKETING_VERSION = 1.0;
				PRODUCT_BUNDLE_IDENTIFIER = com.shadow.CopyPropertyTests;
				PRODUCT_NAME = "$(TARGET_NAME)";
				SWIFT_EMIT_LOC_STRINGS = NO;
				TARGETED_DEVICE_FAMILY = "1,2";
				TEST_HOST = "$(BUILT_PRODUCTS_DIR)/CopyProperty.app/$(BUNDLE_EXECUTABLE_FOLDER_PATH)/CopyProperty";
			};
			name = Debug;
		};
		5DB72D6B29AB4E2A00774BB8 /* Release */ = {
			isa = XCBuildConfiguration;
			buildSettings = {
				BUNDLE_LOADER = "$(TEST_HOST)";
				CODE_SIGN_STYLE = Automatic;
				CURRENT_PROJECT_VERSION = 1;
				DEVELOPMENT_TEAM = R3Y8QUK57B;
				GENERATE_INFOPLIST_FILE = YES;
				IPHONEOS_DEPLOYMENT_TARGET = 16.1;
				MARKETING_VERSION = 1.0;
				PRODUCT_BUNDLE_IDENTIFIER = com.shadow.CopyPropertyTests;
				PRODUCT_NAME = "$(TARGET_NAME)";
				SWIFT_EMIT_LOC_STRINGS = NO;
				TARGETED_DEVICE_FAMILY = "1,2";
				TEST_HOST = "$(BUILT_PRODUCTS_DIR)/CopyProperty.app/$(BUNDLE_EXECUTABLE_FOLDER_PATH)/CopyProperty";
			};
			name = Release;
		};
		5DB72D6D29AB4E2A00774BB8 /* Debug */ = {
			isa = XCBuildConfiguration;
			buildSettings = {
				CODE_SIGN_STYLE = Automatic;
				CURRENT_PROJECT_VERSION = 1;
				DEVELOPMENT_TEAM = R3Y8QUK57B;
				GENERATE_INFOPLIST_FILE = YES;
				MARKETING_VERSION = 1.0;
				PRODUCT_BUNDLE_IDENTIFIER = com.shadow.CopyPropertyUITests;
				PRODUCT_NAME = "$(TARGET_NAME)";
				SWIFT_EMIT_LOC_STRINGS = NO;
				TARGETED_DEVICE_FAMILY = "1,2";
				TEST_TARGET_NAME = CopyProperty;
			};
			name = Debug;
		};
		5DB72D6E29AB4E2A00774BB8 /* Release */ = {
			isa = XCBuildConfiguration;
			buildSettings = {
				CODE_SIGN_STYLE = Automatic;
				CURRENT_PROJECT_VERSION = 1;
				DEVELOPMENT_TEAM = R3Y8QUK57B;
				GENERATE_INFOPLIST_FILE = YES;
				MARKETING_VERSION = 1.0;
				PRODUCT_BUNDLE_IDENTIFIER = com.shadow.CopyPropertyUITests;
				PRODUCT_NAME = "$(TARGET_NAME)";
				SWIFT_EMIT_LOC_STRINGS = NO;
				TARGETED_DEVICE_FAMILY = "1,2";
				TEST_TARGET_NAME = CopyProperty;
			};
			name = Release;
		};
/* End XCBuildConfiguration section */

/* Begin XCConfigurationList section */
		5DB72D3229AB4E2700774BB8 /* Build configuration list for PBXProject "CopyProperty" */ = {
			isa = XCConfigurationList;
			buildConfigurations = (
				5DB72D6429AB4E2A00774BB8 /* Debug */,
				5DB72D6529AB4E2A00774BB8 /* Release */,
			);
			defaultConfigurationIsVisible = 0;
			defaultConfigurationName = Release;
		};
		5DB72D6629AB4E2A00774BB8 /* Build configuration list for PBXNativeTarget "CopyProperty" */ = {
			isa = XCConfigurationList;
			buildConfigurations = (
				5DB72D6729AB4E2A00774BB8 /* Debug */,
				5DB72D6829AB4E2A00774BB8 /* Release */,
			);
			defaultConfigurationIsVisible = 0;
			defaultConfigurationName = Release;
		};
		5DB72D6929AB4E2A00774BB8 /* Build configuration list for PBXNativeTarget "CopyPropertyTests" */ = {
			isa = XCConfigurationList;
			buildConfigurations = (
				5DB72D6A29AB4E2A00774BB8 /* Debug */,
				5DB72D6B29AB4E2A00774BB8 /* Release */,
			);
			defaultConfigurationIsVisible = 0;
			defaultConfigurationName = Release;
		};
		5DB72D6C29AB4E2A00774BB8 /* Build configuration list for PBXNativeTarget "CopyPropertyUITests" */ = {
			isa = XCConfigurationList;
			buildConfigurations = (
				5DB72D6D29AB4E2A00774BB8 /* Debug */,
				5DB72D6E29AB4E2A00774BB8 /* Release */,
			);
			defaultConfigurationIsVisible = 0;
			defaultConfigurationName = Release;
		};
/* End XCConfigurationList section */
	};
	rootObject = 5DB72D2F29AB4E2700774BB8 /* Project object */;
}
